Microsoft Visual Studio Solution File, Format Version 12.00
# Visual Studio Version 17
VisualStudioVersion = 17.0.31912.0
MinimumVisualStudioVersion = 10.0.40219.1
Project("{FAE04EC0-301F-11D3-BF4B-00C04F79EFBC}") = "STAR", "STAR\STAR.csproj", "{B5A8E18F-46DD-4B7D-9C7D-907D178F0C87}"
EndProject
Global
 GlobalSection(SolutionConfigurationPlatforms) = preSolution
  Debug|Any CPU = Debug|Any CPU
  Release|Any CPU = Release|Any CPU
 EndGlobalSection
 GlobalSection(ProjectConfigurationPlatforms) = postSolution
  {B5A8E18F-46DD-4B7D-9C7D-907D178F0C87}.Debug|Any CPU.ActiveCfg = Debug|Any CPU
  {B5A8E18F-46DD-4B7D-9C7D-907D178F0C87}.Debug|Any CPU.Build.0 = Debug|Any CPU
  {B5A8E18F-46DD-4B7D-9C7D-907D178F0C87}.Release|Any CPU.ActiveCfg = Release|Any CPU
  {B5A8E18F-46DD-4B7D-9C7D-907D178F0C87}.Release|Any CPU.Build.0 = Release|Any CPU
 EndGlobalSection
EndGlobal
